
Microsoft Visual Studio Solution File, Format Version 12.00
# Visual Studio Version 17
VisualStudioVersion = 17.13.35931.197
MinimumVisualStudioVersion = 10.0.40219.1
Project("{FAE04EC0-301F-11D3-BF4B-00C04F79EFBC}") = "SDP.TaskManagementWebApp.WebHost", "SDP.TaskManagementWebApp.WebHost\SDP.TaskManagementWebApp.WebHost.csproj", "{E0DC4993-26E8-46C2-B6E7-013E2A3E47BA}"
EndProject
Global
	GlobalSection(SolutionConfigurationPlatforms) = preSolution
		Debug|Any CPU = Debug|Any CPU
		Release|Any CPU = Release|Any CPU
	EndGlobalSection
	GlobalSection(ProjectConfigurationPlatforms) = postSolution
		{E0DC4993-26E8-46C2-B6E7-013E2A3E47BA}.Debug|Any CPU.ActiveCfg = Debug|Any CPU
		{E0DC4993-26E8-46C2-B6E7-013E2A3E47BA}.Debug|Any CPU.Build.0 = Debug|Any CPU
		{E0DC4993-26E8-46C2-B6E7-013E2A3E47BA}.Release|Any CPU.ActiveCfg = Release|Any CPU
		{E0DC4993-26E8-46C2-B6E7-013E2A3E47BA}.Release|Any CPU.Build.0 = Release|Any CPU
	EndGlobalSection
	GlobalSection(SolutionProperties) = preSolution
		HideSolutionNode = FALSE
	EndGlobalSection
	GlobalSection(ExtensibilityGlobals) = postSolution
		SolutionGuid = {C8E6755A-8F25-49FE-BA89-E10408B6F5D9}
	EndGlobalSection
EndGlobal
